
Microsoft Visual Studio Solution File, Format Version 12.00
# Visual Studio Version 16
VisualStudioVersion = 16.0.29306.81
MinimumVisualStudioVersion = 10.0.40219.1
Project("{8BC9CEB8-8B4A-11D0-8D11-00A0C91BC942}") = "Page08", "Page08.vcxproj", "{6F180A3C-6243-4032-AE0D-FF42CBA1D4F9}"
EndProject
Global
	GlobalSection(SolutionConfigurationPlatforms) = preSolution
		Debug|x64 = Debug|x64
		Debug|x86 = Debug|x86
		Release|x64 = Release|x64
		Release|x86 = Release|x86
	EndGlobalSection
	GlobalSection(ProjectConfigurationPlatforms) = postSolution
		{6F180A3C-6243-4032-AE0D-FF42CBA1D4F9}.Debug|x64.ActiveCfg = Debug|x64
		{6F180A3C-6243-4032-AE0D-FF42CBA1D4F9}.Debug|x64.Build.0 = Debug|x64
		{6F180A3C-6243-4032-AE0D-FF42CBA1D4F9}.Debug|x86.ActiveCfg = Debug|Win32
		{6F180A3C-6243-4032-AE0D-FF42CBA1D4F9}.Debug|x86.Build.0 = Debug|Win32
		{6F180A3C-6243-4032-AE0D-FF42CBA1D4F9}.Release|x64.ActiveCfg = Release|x64
		{6F180A3C-6243-4032-AE0D-FF42CBA1D4F9}.Release|x64.Build.0 = Release|x64
		{6F180A3C-6243-4032-AE0D-FF42CBA1D4F9}.Release|x86.ActiveCfg = Release|Win32
		{6F180A3C-6243-4032-AE0D-FF42CBA1D4F9}.Release|x86.Build.0 = Release|Win32
	EndGlobalSection
	GlobalSection(SolutionProperties) = preSolution
		HideSolutionNode = FALSE
	EndGlobalSection
	GlobalSection(ExtensibilityGlobals) = postSolution
		SolutionGuid = {854B5828-D2C9-4FD9-9B2D-68F25B6FAF75}
	EndGlobalSection
EndGlobal
